
Microsoft Visual Studio Solution File, Format Version 12.00
# Visual Studio Version 16
VisualStudioVersion = 16.0.808.10
MinimumVisualStudioVersion = 10.0.40219.1
Project("{FAE04EC0-301F-11D3-BF4B-00C04F79EFBC}") = "TestingTests", "TestingTests\TestingTests.csproj", "{98076726-45F7-49B0-8A23-8D7C2EFAFE61}"
EndProject
Project("{FAE04EC0-301F-11D3-BF4B-00C04F79EFBC}") = "ActualTesting", "ActualTesting\ActualTesting.csproj", "{1687DF99-C5F7-479D-80DC-0BE3693FFA0B}"
EndProject
Global
	GlobalSection(SolutionConfigurationPlatforms) = preSolution
		Debug|Any CPU = Debug|Any CPU
		Release|Any CPU = Release|Any CPU
	EndGlobalSection
	GlobalSection(ProjectConfigurationPlatforms) = postSolution
		{98076726-45F7-49B0-8A23-8D7C2EFAFE61}.Debug|Any CPU.ActiveCfg = Debug|Any CPU
		{98076726-45F7-49B0-8A23-8D7C2EFAFE61}.Debug|Any CPU.Build.0 = Debug|Any CPU
		{98076726-45F7-49B0-8A23-8D7C2EFAFE61}.Release|Any CPU.ActiveCfg = Release|Any CPU
		{98076726-45F7-49B0-8A23-8D7C2EFAFE61}.Release|Any CPU.Build.0 = Release|Any CPU
		{1687DF99-C5F7-479D-80DC-0BE3693FFA0B}.Debug|Any CPU.ActiveCfg = Debug|Any CPU
		{1687DF99-C5F7-479D-80DC-0BE3693FFA0B}.Debug|Any CPU.Build.0 = Debug|Any CPU
		{1687DF99-C5F7-479D-80DC-0BE3693FFA0B}.Release|Any CPU.ActiveCfg = Release|Any CPU
		{1687DF99-C5F7-479D-80DC-0BE3693FFA0B}.Release|Any CPU.Build.0 = Release|Any CPU
	EndGlobalSection
	GlobalSection(SolutionProperties) = preSolution
		HideSolutionNode = FALSE
	EndGlobalSection
	GlobalSection(ExtensibilityGlobals) = postSolution
		SolutionGuid = {1E6B9E2E-3CF8-45D6-8F79-95A2A00FA335}
	EndGlobalSection
EndGlobal
